
Microsoft Visual Studio Solution File, Format Version 12.00
# Visual Studio Version 17
VisualStudioVersion = 17.11.35327.3
MinimumVisualStudioVersion = 10.0.40219.1
Project("{FAE04EC0-301F-11D3-BF4B-00C04F79EFBC}") = "SpaServiceBE", "SpaServiceBE\SpaServiceBE.csproj", "{A8922B02-D2A6-44D5-A20A-AACBE1BA786F}"
EndProject
Global
	GlobalSection(SolutionConfigurationPlatforms) = preSolution
		Debug|Any CPU = Debug|Any CPU
		Release|Any CPU = Release|Any CPU
	EndGlobalSection
	GlobalSection(ProjectConfigurationPlatforms) = postSolution
		{A8922B02-D2A6-44D5-A20A-AACBE1BA786F}.Debug|Any CPU.ActiveCfg = Debug|Any CPU
		{A8922B02-D2A6-44D5-A20A-AACBE1BA786F}.Debug|Any CPU.Build.0 = Debug|Any CPU
		{A8922B02-D2A6-44D5-A20A-AACBE1BA786F}.Release|Any CPU.ActiveCfg = Release|Any CPU
		{A8922B02-D2A6-44D5-A20A-AACBE1BA786F}.Release|Any CPU.Build.0 = Release|Any CPU
	EndGlobalSection
	GlobalSection(SolutionProperties) = preSolution
		HideSolutionNode = FALSE
	EndGlobalSection
	GlobalSection(ExtensibilityGlobals) = postSolution
		SolutionGuid = {43F9A4E3-E721-4788-A8B3-323F7A60F269}
	EndGlobalSection
EndGlobal
